// !$*UTF8*$!
{
	archiveVersion = 1;
	classes = {
	};
	objectVersion = 46;
	objects = {

/* Begin PBXBuildFile section */
		E71E55101DAF23EB0093A298 /* main.cpp in Sources */ = {isa = PBXBuildFile; fileRef = E71E550F1DAF23EB0093A298 /* main.cpp */; };
		E71E551B1DAF271F0093A298 /* TestClass.cpp in Sources */ = {isa = PBXBuildFile; fileRef = E71E55191DAF271F0093A298 /* TestClass.cpp */; };
/* End PBXBuildFile section */

/* Begin PBXCopyFilesBuildPhase section */
		E71E550A1DAF23EB0093A298 /* CopyFiles */ = {
			isa = PBXCopyFilesBuildPhase;
			buildActionMask = 2147483647;
			dstPath = /usr/share/man/man1/;
			dstSubfolderSpec = 0;
			files = (
			);
			runOnlyForDeploymentPostprocessing = 1;
		};
/* End PBXCopyFilesBuildPhase section */

/* Begin PBXFileReference section */
		E71E550C1DAF23EB0093A298 /* ThreadSafeSingleton */ = {isa = PBXFileReference; explicitFileType = "compiled.mach-o.executable"; includeInIndex = 0; path = ThreadSafeSingleton; sourceTree = BUILT_PRODUCTS_DIR; };
		E71E550F1DAF23EB0093A298 /* main.cpp */ = {isa = PBXFileReference; lastKnownFileType = sourcecode.cpp.cpp; path = main.cpp; sourceTree = "<group>"; };
		E71E55171DAF24050093A298 /* ThreadSafeSingleton.hpp */ = {isa = PBXFileReference; fileEncoding = 4; lastKnownFileType = sourcecode.cpp.h; path = ThreadSafeSingleton.hpp; sourceTree = "<group>"; };
		E71E55191DAF271F0093A298 /* TestClass.cpp */ = {isa = PBXFileReference; fileEncoding = 4; lastKnownFileType = sourcecode.cpp.cpp; path = TestClass.cpp; sourceTree = "<group>"; };
		E71E551A1DAF271F0093A298 /* TestClass.hpp */ = {isa = PBXFileReference; fileEncoding = 4; lastKnownFileType = sourcecode.cpp.h; path = TestClass.hpp; sourceTree = "<group>"; };
/* End PBXFileReference section */

/* Begin PBXFrameworksBuildPhase section */
		E71E55091DAF23EB0093A298 /* Frameworks */ = {
			isa = PBXFrameworksBuildPhase;
			buildActionMask = 2147483647;
			files = (
			);
			runOnlyForDeploymentPostprocessing = 0;
		};
/* End PBXFrameworksBuildPhase section */

/* Begin PBXGroup section */
		E71E55031DAF23EB0093A298 = {
			isa = PBXGroup;
			children = (
				E71E550E1DAF23EB0093A298 /* ThreadSafeSingleton */,
				E71E550D1DAF23EB0093A298 /* Products */,
			);
			sourceTree = "<group>";
		};
		E71E550D1DAF23EB0093A298 /* Products */ = {
			isa = PBXGroup;
			children = (
				E71E550C1DAF23EB0093A298 /* ThreadSafeSingleton */,
			);
			name = Products;
			sourceTree = "<group>";
		};
		E71E550E1DAF23EB0093A298 /* ThreadSafeSingleton */ = {
			isa = PBXGroup;
			children = (
				E71E550F1DAF23EB0093A298 /* main.cpp */,
				E71E55171DAF24050093A298 /* ThreadSafeSingleton.hpp */,
				E71E55191DAF271F0093A298 /* TestClass.cpp */,
				E71E551A1DAF271F0093A298 /* TestClass.hpp */,
			);
			path = ThreadSafeSingleton;
			sourceTree = "<group>";
		};
/* End PBXGroup section */

/* Begin PBXNativeTarget section */
		E71E550B1DAF23EB0093A298 /* ThreadSafeSingleton */ = {
			isa = PBXNativeTarget;
			buildConfigurationList = E71E55131DAF23EB0093A298 /* Build configuration list for PBXNativeTarget "ThreadSafeSingleton" */;
			buildPhases = (
				E71E55081DAF23EB0093A298 /* Sources */,
				E71E55091DAF23EB0093A298 /* Frameworks */,
				E71E550A1DAF23EB0093A298 /* CopyFiles */,
			);
			buildRules = (
			);
			dependencies = (
			);
			name = ThreadSafeSingleton;
			productName = ThreadSafeSingleton;
			productReference = E71E550C1DAF23EB0093A298 /* ThreadSafeSingleton */;
			productType = "com.apple.product-type.tool";
		};
/* End PBXNativeTarget section */

/* Begin PBXProject section */
		E71E55041DAF23EB0093A298 /* Project object */ = {
			isa = PBXProject;
			attributes = {
				LastUpgradeCheck = 0800;
				ORGANIZATIONNAME = guowei;
				TargetAttributes = {
					E71E550B1DAF23EB0093A298 = {
						CreatedOnToolsVersion = 8.0;
						ProvisioningStyle = Automatic;
					};
				};
			};
			buildConfigurationList = E71E55071DAF23EB0093A298 /* Build configuration list for PBXProject "ThreadSafeSingleton" */;
			compatibilityVersion = "Xcode 3.2";
			developmentRegion = English;
			hasScannedForEncodings = 0;
			knownRegions = (
				en,
			);
			mainGroup = E71E55031DAF23EB0093A298;
			productRefGroup = E71E550D1DAF23EB0093A298 /* Products */;
			projectDirPath = "";
			projectRoot = "";
			targets = (
				E71E550B1DAF23EB0093A298 /* ThreadSafeSingleton */,
			);
		};
/* End PBXProject section */

/* Begin PBXSourcesBuildPhase section */
		E71E55081DAF23EB0093A298 /* Sources */ = {
			isa = PBXSourcesBuildPhase;
			buildActionMask = 2147483647;
			files = (
				E71E551B1DAF271F0093A298 /* TestClass.cpp in Sources */,
				E71E55101DAF23EB0093A298 /* main.cpp in Sources */,
			);
			runOnlyForDeploymentPostprocessing = 0;
		};
/* End PBXSourcesBuildPhase section */

/* Begin XCBuildConfiguration section */
		E71E55111DAF23EB0093A298 /* Debug */ = {
			isa = XCBuildConfiguration;
			buildSettings = {
				ALWAYS_SEARCH_USER_PATHS = NO;
				CLANG_ANALYZER_NONNULL = YES;
				CLANG_CXX_LANGUAGE_STANDARD = "gnu++0x";
				CLANG_CXX_LIBRARY = "libc++";
				CLANG_ENABLE_MODULES = YES;
				CLANG_ENABLE_OBJC_ARC = YES;
				CLANG_WARN_BOOL_CONVERSION = YES;
				CLANG_WARN_CONSTANT_CONVERSION = YES;
				CLANG_WARN_DIRECT_OBJC_ISA_USAGE = YES_ERROR;
				CLANG_WARN_DOCUMENTATION_COMMENTS = YES;
				CLANG_WARN_EMPTY_BODY = YES;
				CLANG_WARN_ENUM_CONVERSION = YES;
				CLANG_WARN_INFINITE_RECURSION = YES;
				CLANG_WARN_INT_CONVERSION = YES;
				CLANG_WARN_OBJC_ROOT_CLASS = YES_ERROR;
				CLANG_WARN_SUSPICIOUS_MOVES = YES;
				CLANG_WARN_UNREACHABLE_CODE = YES;
				CLANG_WARN__DUPLICATE_METHOD_MATCH = YES;
				CODE_SIGN_IDENTITY = "-";
				COPY_PHASE_STRIP = NO;
				DEBUG_INFORMATION_FORMAT = dwarf;
				ENABLE_STRICT_OBJC_MSGSEND = YES;
				ENABLE_TESTABILITY = YES;
				GCC_C_LANGUAGE_STANDARD = gnu99;
				GCC_DYNAMIC_NO_PIC = NO;
				GCC_NO_COMMON_BLOCKS = YES;
				GCC_OPTIMIZATION_LEVEL = 0;
				GCC_PREPROCESSOR_DEFINITIONS = (
					"DEBUG=1",
					"$(inherited)",
				);
				GCC_WARN_64_TO_32_BIT_CONVERSION = YES;
				GCC_WARN_ABOUT_RETURN_TYPE = YES_ERROR;
				GCC_WARN_UNDECLARED_SELECTOR = YES;
				GCC_WARN_UNINITIALIZED_AUTOS = YES_AGGRESSIVE;
				GCC_WARN_UNUSED_FUNCTION = YES;
				GCC_WARN_UNUSED_VARIABLE = YES;
				MACOSX_DEPLOYMENT_TARGET = 10.12;
				MTL_ENABLE_DEBUG_INFO = YES;
				ONLY_ACTIVE_ARCH = YES;
				SDKROOT = macosx;
			};
			name = Debug;
		};
		E71E55121DAF23EB0093A298 /* Release */ = {
			isa = XCBuildConfiguration;
			buildSettings = {
				ALWAYS_SEARCH_USER_PATHS = NO;
				CLANG_ANALYZER_NONNULL = YES;
				CLANG_CXX_LANGUAGE_STANDARD = "gnu++0x";
				CLANG_CXX_LIBRARY = "libc++";
				CLANG_ENABLE_MODULES = YES;
				CLANG_ENABLE_OBJC_ARC = YES;
				CLANG_WARN_BOOL_CONVERSION = YES;
				CLANG_WARN_CONSTANT_CONVERSION = YES;
				CLANG_WARN_DIRECT_OBJC_ISA_USAGE = YES_ERROR;
				CLANG_WARN_DOCUMENTATION_COMMENTS = YES;
				CLANG_WARN_EMPTY_BODY = YES;
				CLANG_WARN_ENUM_CONVERSION = YES;
				CLANG_WARN_INFINITE_RECURSION = YES;
				CLANG_WARN_INT_CONVERSION = YES;
				CLANG_WARN_OBJC_ROOT_CLASS = YES_ERROR;
				CLANG_WARN_SUSPICIOUS_MOVES = YES;
				CLANG_WARN_UNREACHABLE_CODE = YES;
				CLANG_WARN__DUPLICATE_METHOD_MATCH = YES;
				CODE_SIGN_IDENTITY = "-";
				COPY_PHASE_STRIP = NO;
				DEBUG_INFORMATION_FORMAT = "dwarf-with-dsym";
				ENABLE_NS_ASSERTIONS = NO;
				ENABLE_STRICT_OBJC_MSGSEND = YES;
				GCC_C_LANGUAGE_STANDARD = gnu99;
				GCC_NO_COMMON_BLOCKS = YES;
				GCC_WARN_64_TO_32_BIT_CONVERSION = YES;
				GCC_WARN_ABOUT_RETURN_TYPE = YES_ERROR;
				GCC_WARN_UNDECLARED_SELECTOR = YES;
				GCC_WARN_UNINITIALIZED_AUTOS = YES_AGGRESSIVE;
				GCC_WARN_UNUSED_FUNCTION = YES;
				GCC_WARN_UNUSED_VARIABLE = YES;
				MACOSX_DEPLOYMENT_TARGET = 10.12;
				MTL_ENABLE_DEBUG_INFO = NO;
				SDKROOT = macosx;
			};
			name = Release;
		};
		E71E55141DAF23EB0093A298 /* Debug */ = {
			isa = XCBuildConfiguration;
			buildSettings = {
				PRODUCT_NAME = "$(TARGET_NAME)";
			};
			name = Debug;
		};
		E71E55151DAF23EB0093A298 /* Release */ = {
			isa = XCBuildConfiguration;
			buildSettings = {
				PRODUCT_NAME = "$(TARGET_NAME)";
			};
			name = Release;
		};
/* End XCBuildConfiguration section */

/* Begin XCConfigurationList section */
		E71E55071DAF23EB0093A298 /* Build configuration list for PBXProject "ThreadSafeSingleton" */ = {
			isa = XCConfigurationList;
			buildConfigurations = (
				E71E55111DAF23EB0093A298 /* Debug */,
				E71E55121DAF23EB0093A298 /* Release */,
			);
			defaultConfigurationIsVisible = 0;
			defaultConfigurationName = Release;
		};
		E71E55131DAF23EB0093A298 /* Build configuration list for PBXNativeTarget "ThreadSafeSingleton" */ = {
			isa = XCConfigurationList;
			buildConfigurations = (
				E71E55141DAF23EB0093A298 /* Debug */,
				E71E55151DAF23EB0093A298 /* Release */,
			);
			defaultConfigurationIsVisible = 0;
		};
/* End XCConfigurationList section */
	};
	rootObject = E71E55041DAF23EB0093A298 /* Project object */;
}
